// !$*UTF8*$!
{
	archiveVersion = 1;
	classes = {
	};
	objectVersion = 56;
	objects = {

/* Begin PBXBuildFile section */
		222240AE2C08B4800029ED26 /* AppDelegate.swift in Sources */ = {isa = PBXBuildFile; fileRef = 222240AD2C08B4800029ED26 /* AppDelegate.swift */; };
		222240B02C08B4800029ED26 /* SceneDelegate.swift in Sources */ = {isa = PBXBuildFile; fileRef = 222240AF2C08B4800029ED26 /* SceneDelegate.swift */; };
		222240B22C08B4800029ED26 /* ViewController.swift in Sources */ = {isa = PBXBuildFile; fileRef = 222240B12C08B4800029ED26 /* ViewController.swift */; };
		222240B52C08B4800029ED26 /* Main.storyboard in Resources */ = {isa = PBXBuildFile; fileRef = 222240B32C08B4800029ED26 /* Main.storyboard */; };
		222240B72C08B4810029ED26 /* Assets.xcassets in Resources */ = {isa = PBXBuildFile; fileRef = 222240B62C08B4810029ED26 /* Assets.xcassets */; };
		222240BA2C08B4810029ED26 /* LaunchScreen.storyboard in Resources */ = {isa = PBXBuildFile; fileRef = 222240B82C08B4810029ED26 /* LaunchScreen.storyboard */; };
		229EF7BB2C099FDB0076C154 /* UserListVC.swift in Sources */ = {isa = PBXBuildFile; fileRef = 229EF7B92C099FDB0076C154 /* UserListVC.swift */; };
		229EF7BC2C099FDB0076C154 /* UserListVC.xib in Resources */ = {isa = PBXBuildFile; fileRef = 229EF7BA2C099FDB0076C154 /* UserListVC.xib */; };
		229EF7C32C09BA700076C154 /* ProfileViewController.swift in Sources */ = {isa = PBXBuildFile; fileRef = 229EF7C12C09BA700076C154 /* ProfileViewController.swift */; };
		229EF7C42C09BA700076C154 /* ProfileViewController.xib in Resources */ = {isa = PBXBuildFile; fileRef = 229EF7C22C09BA700076C154 /* ProfileViewController.xib */; };
		22CBDD192C08E0BB00F40B99 /* DetailViewController.swift in Sources */ = {isa = PBXBuildFile; fileRef = 22CBDD172C08E0BB00F40B99 /* DetailViewController.swift */; };
		22CBDD1A2C08E0BB00F40B99 /* DetailViewController.xib in Resources */ = {isa = PBXBuildFile; fileRef = 22CBDD182C08E0BB00F40B99 /* DetailViewController.xib */; };
/* End PBXBuildFile section */

/* Begin PBXFileReference section */
		222240AA2C08B4800029ED26 /* GitTest-4.app */ = {isa = PBXFileReference; explicitFileType = wrapper.application; includeInIndex = 0; path = "GitTest-4.app"; sourceTree = BUILT_PRODUCTS_DIR; };
		222240AD2C08B4800029ED26 /* AppDelegate.swift */ = {isa = PBXFileReference; lastKnownFileType = sourcecode.swift; path = AppDelegate.swift; sourceTree = "<group>"; };
		222240AF2C08B4800029ED26 /* SceneDelegate.swift */ = {isa = PBXFileReference; lastKnownFileType = sourcecode.swift; path = SceneDelegate.swift; sourceTree = "<group>"; };
		222240B12C08B4800029ED26 /* ViewController.swift */ = {isa = PBXFileReference; lastKnownFileType = sourcecode.swift; path = ViewController.swift; sourceTree = "<group>"; };
		222240B42C08B4800029ED26 /* Base */ = {isa = PBXFileReference; lastKnownFileType = file.storyboard; name = Base; path = Base.lproj/Main.storyboard; sourceTree = "<group>"; };
		222240B62C08B4810029ED26 /* Assets.xcassets */ = {isa = PBXFileReference; lastKnownFileType = folder.assetcatalog; path = Assets.xcassets; sourceTree = "<group>"; };
		222240B92C08B4810029ED26 /* Base */ = {isa = PBXFileReference; lastKnownFileType = file.storyboard; name = Base; path = Base.lproj/LaunchScreen.storyboard; sourceTree = "<group>"; };
		222240BB2C08B4810029ED26 /* Info.plist */ = {isa = PBXFileReference; lastKnownFileType = text.plist.xml; path = Info.plist; sourceTree = "<group>"; };
		229EF7B92C099FDB0076C154 /* UserListVC.swift */ = {isa = PBXFileReference; lastKnownFileType = sourcecode.swift; path = UserListVC.swift; sourceTree = "<group>"; };
		229EF7BA2C099FDB0076C154 /* UserListVC.xib */ = {isa = PBXFileReference; lastKnownFileType = file.xib; path = UserListVC.xib; sourceTree = "<group>"; };
		229EF7C12C09BA700076C154 /* ProfileViewController.swift */ = {isa = PBXFileReference; lastKnownFileType = sourcecode.swift; path = ProfileViewController.swift; sourceTree = "<group>"; };
		229EF7C22C09BA700076C154 /* ProfileViewController.xib */ = {isa = PBXFileReference; lastKnownFileType = file.xib; path = ProfileViewController.xib; sourceTree = "<group>"; };
		22CBDD172C08E0BB00F40B99 /* DetailViewController.swift */ = {isa = PBXFileReference; lastKnownFileType = sourcecode.swift; path = DetailViewController.swift; sourceTree = "<group>"; };
		22CBDD182C08E0BB00F40B99 /* DetailViewController.xib */ = {isa = PBXFileReference; lastKnownFileType = file.xib; path = DetailViewController.xib; sourceTree = "<group>"; };
/* End PBXFileReference section */

/* Begin PBXFrameworksBuildPhase section */
		222240A72C08B4800029ED26 /* Frameworks */ = {
			isa = PBXFrameworksBuildPhase;
			buildActionMask = 2147483647;
			files = (
			);
			runOnlyForDeploymentPostprocessing = 0;
		};
/* End PBXFrameworksBuildPhase section */

/* Begin PBXGroup section */
		222240A12C08B4800029ED26 = {
			isa = PBXGroup;
			children = (
				222240AC2C08B4800029ED26 /* GitTest-4 */,
				222240AB2C08B4800029ED26 /* Products */,
			);
			sourceTree = "<group>";
		};
		222240AB2C08B4800029ED26 /* Products */ = {
			isa = PBXGroup;
			children = (
				222240AA2C08B4800029ED26 /* GitTest-4.app */,
			);
			name = Products;
			sourceTree = "<group>";
		};
		222240AC2C08B4800029ED26 /* GitTest-4 */ = {
			isa = PBXGroup;
			children = (
				222240AD2C08B4800029ED26 /* AppDelegate.swift */,
				222240AF2C08B4800029ED26 /* SceneDelegate.swift */,
				229EF7BF2C09B9730076C154 /* MainVC */,
				229EF7BD2C09B9450076C154 /* DetailVC */,
				229EF7BE2C09B9540076C154 /* UserListVC */,
				229EF7C02C09BA520076C154 /* ProfileVC */,
				222240B32C08B4800029ED26 /* Main.storyboard */,
				222240B62C08B4810029ED26 /* Assets.xcassets */,
				222240B82C08B4810029ED26 /* LaunchScreen.storyboard */,
				222240BB2C08B4810029ED26 /* Info.plist */,
			);
			path = "GitTest-4";
			sourceTree = "<group>";
		};
		229EF7BD2C09B9450076C154 /* DetailVC */ = {
			isa = PBXGroup;
			children = (
				22CBDD172C08E0BB00F40B99 /* DetailViewController.swift */,
				22CBDD182C08E0BB00F40B99 /* DetailViewController.xib */,
			);
			path = DetailVC;
			sourceTree = "<group>";
		};
		229EF7BE2C09B9540076C154 /* UserListVC */ = {
			isa = PBXGroup;
			children = (
				229EF7B92C099FDB0076C154 /* UserListVC.swift */,
				229EF7BA2C099FDB0076C154 /* UserListVC.xib */,
			);
			path = UserListVC;
			sourceTree = "<group>";
		};
		229EF7BF2C09B9730076C154 /* MainVC */ = {
			isa = PBXGroup;
			children = (
				222240B12C08B4800029ED26 /* ViewController.swift */,
			);
			path = MainVC;
			sourceTree = "<group>";
		};
		229EF7C02C09BA520076C154 /* ProfileVC */ = {
			isa = PBXGroup;
			children = (
				229EF7C12C09BA700076C154 /* ProfileViewController.swift */,
				229EF7C22C09BA700076C154 /* ProfileViewController.xib */,
			);
			path = ProfileVC;
			sourceTree = "<group>";
		};
/* End PBXGroup section */

/* Begin PBXNativeTarget section */
		222240A92C08B4800029ED26 /* GitTest-4 */ = {
			isa = PBXNativeTarget;
			buildConfigurationList = 222240BE2C08B4810029ED26 /* Build configuration list for PBXNativeTarget "GitTest-4" */;
			buildPhases = (
				222240A62C08B4800029ED26 /* Sources */,
				222240A72C08B4800029ED26 /* Frameworks */,
				222240A82C08B4800029ED26 /* Resources */,
			);
			buildRules = (
			);
			dependencies = (
			);
			name = "GitTest-4";
			productName = "GitTest-4";
			productReference = 222240AA2C08B4800029ED26 /* GitTest-4.app */;
			productType = "com.apple.product-type.application";
		};
/* End PBXNativeTarget section */

/* Begin PBXProject section */
		222240A22C08B4800029ED26 /* Project object */ = {
			isa = PBXProject;
			attributes = {
				BuildIndependentTargetsInParallel = 1;
				LastSwiftUpdateCheck = 1510;
				LastUpgradeCheck = 1510;
				TargetAttributes = {
					222240A92C08B4800029ED26 = {
						CreatedOnToolsVersion = 15.1;
					};
				};
			};
			buildConfigurationList = 222240A52C08B4800029ED26 /* Build configuration list for PBXProject "GitTest-4" */;
			compatibilityVersion = "Xcode 14.0";
			developmentRegion = en;
			hasScannedForEncodings = 0;
			knownRegions = (
				en,
				Base,
			);
			mainGroup = 222240A12C08B4800029ED26;
			productRefGroup = 222240AB2C08B4800029ED26 /* Products */;
			projectDirPath = "";
			projectRoot = "";
			targets = (
				222240A92C08B4800029ED26 /* GitTest-4 */,
			);
		};
/* End PBXProject section */

/* Begin PBXResourcesBuildPhase section */
		222240A82C08B4800029ED26 /* Resources */ = {
			isa = PBXResourcesBuildPhase;
			buildActionMask = 2147483647;
			files = (
				229EF7C42C09BA700076C154 /* ProfileViewController.xib in Resources */,
				229EF7BC2C099FDB0076C154 /* UserListVC.xib in Resources */,
				222240BA2C08B4810029ED26 /* LaunchScreen.storyboard in Resources */,
				222240B72C08B4810029ED26 /* Assets.xcassets in Resources */,
				222240B52C08B4800029ED26 /* Main.storyboard in Resources */,
				22CBDD1A2C08E0BB00F40B99 /* DetailViewController.xib in Resources */,
			);
			runOnlyForDeploymentPostprocessing = 0;
		};
/* End PBXResourcesBuildPhase section */

/* Begin PBXSourcesBuildPhase section */
		222240A62C08B4800029ED26 /* Sources */ = {
			isa = PBXSourcesBuildPhase;
			buildActionMask = 2147483647;
			files = (
				229EF7C32C09BA700076C154 /* ProfileViewController.swift in Sources */,
				222240B22C08B4800029ED26 /* ViewController.swift in Sources */,
				222240AE2C08B4800029ED26 /* AppDelegate.swift in Sources */,
				229EF7BB2C099FDB0076C154 /* UserListVC.swift in Sources */,
				222240B02C08B4800029ED26 /* SceneDelegate.swift in Sources */,
				22CBDD192C08E0BB00F40B99 /* DetailViewController.swift in Sources */,
			);
			runOnlyForDeploymentPostprocessing = 0;
		};
/* End PBXSourcesBuildPhase section */

/* Begin PBXVariantGroup section */
		222240B32C08B4800029ED26 /* Main.storyboard */ = {
			isa = PBXVariantGroup;
			children = (
				222240B42C08B4800029ED26 /* Base */,
			);
			name = Main.storyboard;
			sourceTree = "<group>";
		};
		222240B82C08B4810029ED26 /* LaunchScreen.storyboard */ = {
			isa = PBXVariantGroup;
			children = (
				222240B92C08B4810029ED26 /* Base */,
			);
			name = LaunchScreen.storyboard;
			sourceTree = "<group>";
		};
/* End PBXVariantGroup section */

/* Begin XCBuildConfiguration section */
		222240BC2C08B4810029ED26 /* Debug */ = {
			isa = XCBuildConfiguration;
			buildSettings = {
				ALWAYS_SEARCH_USER_PATHS = NO;
				ASSETCATALOG_COMPILER_GENERATE_SWIFT_ASSET_SYMBOL_EXTENSIONS = YES;
				CLANG_ANALYZER_NONNULL = YES;
				CLANG_ANALYZER_NUMBER_OBJECT_CONVERSION = YES_AGGRESSIVE;
				CLANG_CXX_LANGUAGE_STANDARD = "gnu++20";
				CLANG_ENABLE_MODULES = YES;
				CLANG_ENABLE_OBJC_ARC = YES;
				CLANG_ENABLE_OBJC_WEAK = YES;
				CLANG_WARN_BLOCK_CAPTURE_AUTORELEASING = YES;
				CLANG_WARN_BOOL_CONVERSION = YES;
				CLANG_WARN_COMMA = YES;
				CLANG_WARN_CONSTANT_CONVERSION = YES;
				CLANG_WARN_DEPRECATED_OBJC_IMPLEMENTATIONS = YES;
				CLANG_WARN_DIRECT_OBJC_ISA_USAGE = YES_ERROR;
				CLANG_WARN_DOCUMENTATION_COMMENTS = YES;
				CLANG_WARN_EMPTY_BODY = YES;
				CLANG_WARN_ENUM_CONVERSION = YES;
				CLANG_WARN_INFINITE_RECURSION = YES;
				CLANG_WARN_INT_CONVERSION = YES;
				CLANG_WARN_NON_LITERAL_NULL_CONVERSION = YES;
				CLANG_WARN_OBJC_IMPLICIT_RETAIN_SELF = YES;
				CLANG_WARN_OBJC_LITERAL_CONVERSION = YES;
				CLANG_WARN_OBJC_ROOT_CLASS = YES_ERROR;
				CLANG_WARN_QUOTED_INCLUDE_IN_FRAMEWORK_HEADER = YES;
				CLANG_WARN_RANGE_LOOP_ANALYSIS = YES;
				CLANG_WARN_STRICT_PROTOTYPES = YES;
				CLANG_WARN_SUSPICIOUS_MOVE = YES;
				CLANG_WARN_UNGUARDED_AVAILABILITY = YES_AGGRESSIVE;
				CLANG_WARN_UNREACHABLE_CODE = YES;
				CLANG_WARN__DUPLICATE_METHOD_MATCH = YES;
				COPY_PHASE_STRIP = NO;
				DEBUG_INFORMATION_FORMAT = dwarf;
				ENABLE_STRICT_OBJC_MSGSEND = YES;
				ENABLE_TESTABILITY = YES;
				ENABLE_USER_SCRIPT_SANDBOXING = YES;
				GCC_C_LANGUAGE_STANDARD = gnu17;
				GCC_DYNAMIC_NO_PIC = NO;
				GCC_NO_COMMON_BLOCKS = YES;
				GCC_OPTIMIZATION_LEVEL = 0;
				GCC_PREPROCESSOR_DEFINITIONS = (
					"DEBUG=1",
					"$(inherited)",
				);
				GCC_WARN_64_TO_32_BIT_CONVERSION = YES;
				GCC_WARN_ABOUT_RETURN_TYPE = YES_ERROR;
				GCC_WARN_UNDECLARED_SELECTOR = YES;
				GCC_WARN_UNINITIALIZED_AUTOS = YES_AGGRESSIVE;
				GCC_WARN_UNUSED_FUNCTION = YES;
				GCC_WARN_UNUSED_VARIABLE = YES;
				IPHONEOS_DEPLOYMENT_TARGET = 17.2;
				LOCALIZATION_PREFERS_STRING_CATALOGS = YES;
				MTL_ENABLE_DEBUG_INFO = INCLUDE_SOURCE;
				MTL_FAST_MATH = YES;
				ONLY_ACTIVE_ARCH = YES;
				SDKROOT = iphoneos;
				SWIFT_ACTIVE_COMPILATION_CONDITIONS = "DEBUG $(inherited)";
				SWIFT_OPTIMIZATION_LEVEL = "-Onone";
			};
			name = Debug;
		};
		222240BD2C08B4810029ED26 /* Release */ = {
			isa = XCBuildConfiguration;
			buildSettings = {
				ALWAYS_SEARCH_USER_PATHS = NO;
				ASSETCATALOG_COMPILER_GENERATE_SWIFT_ASSET_SYMBOL_EXTENSIONS = YES;
				CLANG_ANALYZER_NONNULL = YES;
				CLANG_ANALYZER_NUMBER_OBJECT_CONVERSION = YES_AGGRESSIVE;
				CLANG_CXX_LANGUAGE_STANDARD = "gnu++20";
				CLANG_ENABLE_MODULES = YES;
				CLANG_ENABLE_OBJC_ARC = YES;
				CLANG_ENABLE_OBJC_WEAK = YES;
				CLANG_WARN_BLOCK_CAPTURE_AUTORELEASING = YES;
				CLANG_WARN_BOOL_CONVERSION = YES;
				CLANG_WARN_COMMA = YES;
				CLANG_WARN_CONSTANT_CONVERSION = YES;
				CLANG_WARN_DEPRECATED_OBJC_IMPLEMENTATIONS = YES;
				CLANG_WARN_DIRECT_OBJC_ISA_USAGE = YES_ERROR;
				CLANG_WARN_DOCUMENTATION_COMMENTS = YES;
				CLANG_WARN_EMPTY_BODY = YES;
				CLANG_WARN_ENUM_CONVERSION = YES;
				CLANG_WARN_INFINITE_RECURSION = YES;
				CLANG_WARN_INT_CONVERSION = YES;
				CLANG_WARN_NON_LITERAL_NULL_CONVERSION = YES;
				CLANG_WARN_OBJC_IMPLICIT_RETAIN_SELF = YES;
				CLANG_WARN_OBJC_LITERAL_CONVERSION = YES;
				CLANG_WARN_OBJC_ROOT_CLASS = YES_ERROR;
				CLANG_WARN_QUOTED_INCLUDE_IN_FRAMEWORK_HEADER = YES;
				CLANG_WARN_RANGE_LOOP_ANALYSIS = YES;
				CLANG_WARN_STRICT_PROTOTYPES = YES;
				CLANG_WARN_SUSPICIOUS_MOVE = YES;
				CLANG_WARN_UNGUARDED_AVAILABILITY = YES_AGGRESSIVE;
				CLANG_WARN_UNREACHABLE_CODE = YES;
				CLANG_WARN__DUPLICATE_METHOD_MATCH = YES;
				COPY_PHASE_STRIP = NO;
				DEBUG_INFORMATION_FORMAT = "dwarf-with-dsym";
				ENABLE_NS_ASSERTIONS = NO;
				ENABLE_STRICT_OBJC_MSGSEND = YES;
				ENABLE_USER_SCRIPT_SANDBOXING = YES;
				GCC_C_LANGUAGE_STANDARD = gnu17;
				GCC_NO_COMMON_BLOCKS = YES;
				GCC_WARN_64_TO_32_BIT_CONVERSION = YES;
				GCC_WARN_ABOUT_RETURN_TYPE = YES_ERROR;
				GCC_WARN_UNDECLARED_SELECTOR = YES;
				GCC_WARN_UNINITIALIZED_AUTOS = YES_AGGRESSIVE;
				GCC_WARN_UNUSED_FUNCTION = YES;
				GCC_WARN_UNUSED_VARIABLE = YES;
				IPHONEOS_DEPLOYMENT_TARGET = 17.2;
				LOCALIZATION_PREFERS_STRING_CATALOGS = YES;
				MTL_ENABLE_DEBUG_INFO = NO;
				MTL_FAST_MATH = YES;
				SDKROOT = iphoneos;
				SWIFT_COMPILATION_MODE = wholemodule;
				VALIDATE_PRODUCT = YES;
			};
			name = Release;
		};
		222240BF2C08B4810029ED26 /* Debug */ = {
			isa = XCBuildConfiguration;
			buildSettings = {
				ASSETCATALOG_COMPILER_APPICON_NAME = AppIcon;
				ASSETCATALOG_COMPILER_GLOBAL_ACCENT_COLOR_NAME = AccentColor;
				CODE_SIGN_STYLE = Automatic;
				CURRENT_PROJECT_VERSION = 2;
				DEVELOPMENT_TEAM = R8HK27855W;
				GENERATE_INFOPLIST_FILE = YES;
				INFOPLIST_FILE = "GitTest-4/Info.plist";
				INFOPLIST_KEY_UIApplicationSupportsIndirectInputEvents = YES;
				INFOPLIST_KEY_UILaunchStoryboardName = LaunchScreen;
				INFOPLIST_KEY_UIMainStoryboardFile = Main;
				INFOPLIST_KEY_UISupportedInterfaceOrientations_iPad = "UIInterfaceOrientationPortrait UIInterfaceOrientationPortraitUpsideDown UIInterfaceOrientationLandscapeLeft UIInterfaceOrientationLandscapeRight";
				INFOPLIST_KEY_UISupportedInterfaceOrientations_iPhone = "UIInterfaceOrientationPortrait UIInterfaceOrientationLandscapeLeft UIInterfaceOrientationLandscapeRight";
				LD_RUNPATH_SEARCH_PATHS = (
					"$(inherited)",
					"@executable_path/Frameworks",
				);
				MARKETING_VERSION = 1.2.2;
				PRODUCT_BUNDLE_IDENTIFIER = "com.kavin.GitTest-4";
				PRODUCT_NAME = "$(TARGET_NAME)";
				SWIFT_EMIT_LOC_STRINGS = YES;
				SWIFT_VERSION = 5.0;
				TARGETED_DEVICE_FAMILY = "1,2";
			};
			name = Debug;
		};
		222240C02C08B4810029ED26 /* Release */ = {
			isa = XCBuildConfiguration;
			buildSettings = {
				ASSETCATALOG_COMPILER_APPICON_NAME = AppIcon;
				ASSETCATALOG_COMPILER_GLOBAL_ACCENT_COLOR_NAME = AccentColor;
				CODE_SIGN_STYLE = Automatic;
				CURRENT_PROJECT_VERSION = 2;
				DEVELOPMENT_TEAM = R8HK27855W;
				GENERATE_INFOPLIST_FILE = YES;
				INFOPLIST_FILE = "GitTest-4/Info.plist";
				INFOPLIST_KEY_UIApplicationSupportsIndirectInputEvents = YES;
				INFOPLIST_KEY_UILaunchStoryboardName = LaunchScreen;
				INFOPLIST_KEY_UIMainStoryboardFile = Main;
				INFOPLIST_KEY_UISupportedInterfaceOrientations_iPad = "UIInterfaceOrientationPortrait UIInterfaceOrientationPortraitUpsideDown UIInterfaceOrientationLandscapeLeft UIInterfaceOrientationLandscapeRight";
				INFOPLIST_KEY_UISupportedInterfaceOrientations_iPhone = "UIInterfaceOrientationPortrait UIInterfaceOrientationLandscapeLeft UIInterfaceOrientationLandscapeRight";
				LD_RUNPATH_SEARCH_PATHS = (
					"$(inherited)",
					"@executable_path/Frameworks",
				);
				MARKETING_VERSION = 1.2.2;
				PRODUCT_BUNDLE_IDENTIFIER = "com.kavin.GitTest-4";
				PRODUCT_NAME = "$(TARGET_NAME)";
				SWIFT_EMIT_LOC_STRINGS = YES;
				SWIFT_VERSION = 5.0;
				TARGETED_DEVICE_FAMILY = "1,2";
			};
			name = Release;
		};
/* End XCBuildConfiguration section */

/* Begin XCConfigurationList section */
		222240A52C08B4800029ED26 /* Build configuration list for PBXProject "GitTest-4" */ = {
			isa = XCConfigurationList;
			buildConfigurations = (
				222240BC2C08B4810029ED26 /* Debug */,
				222240BD2C08B4810029ED26 /* Release */,
			);
			defaultConfigurationIsVisible = 0;
			defaultConfigurationName = Release;
		};
		222240BE2C08B4810029ED26 /* Build configuration list for PBXNativeTarget "GitTest-4" */ = {
			isa = XCConfigurationList;
			buildConfigurations = (
				222240BF2C08B4810029ED26 /* Debug */,
				222240C02C08B4810029ED26 /* Release */,
			);
			defaultConfigurationIsVisible = 0;
			defaultConfigurationName = Release;
		};
/* End XCConfigurationList section */
	};
	rootObject = 222240A22C08B4800029ED26 /* Project object */;
}
